
Microsoft Visual Studio Solution File, Format Version 12.00
# Visual Studio Version 17
VisualStudioVersion = 17.2.32630.192
MinimumVisualStudioVersion = 10.0.40219.1
Project("{FAE04EC0-301F-11D3-BF4B-00C04F79EFBC}") = "ConcepstPOO", "ConcepstPOO\ConcepstPOO.csproj", "{8123F6F3-1E5C-4BAF-82E4-3330C240363B}"
EndProject
Global
	GlobalSection(SolutionConfigurationPlatforms) = preSolution
		Debug|Any CPU = Debug|Any CPU
		Release|Any CPU = Release|Any CPU
	EndGlobalSection
	GlobalSection(ProjectConfigurationPlatforms) = postSolution
		{8123F6F3-1E5C-4BAF-82E4-3330C240363B}.Debug|Any CPU.ActiveCfg = Debug|Any CPU
		{8123F6F3-1E5C-4BAF-82E4-3330C240363B}.Debug|Any CPU.Build.0 = Debug|Any CPU
		{8123F6F3-1E5C-4BAF-82E4-3330C240363B}.Release|Any CPU.ActiveCfg = Release|Any CPU
		{8123F6F3-1E5C-4BAF-82E4-3330C240363B}.Release|Any CPU.Build.0 = Release|Any CPU
	EndGlobalSection
	GlobalSection(SolutionProperties) = preSolution
		HideSolutionNode = FALSE
	EndGlobalSection
	GlobalSection(ExtensibilityGlobals) = postSolution
		SolutionGuid = {8F362010-F2A3-4D3C-A95D-81692BB0DB3D}
	EndGlobalSection
EndGlobal
